
Microsoft Visual Studio Solution File, Format Version 12.00
# Visual Studio Version 16
VisualStudioVersion = 16.0.31402.337
MinimumVisualStudioVersion = 10.0.40219.1
Project("{FAE04EC0-301F-11D3-BF4B-00C04F79EFBC}") = "minstr", "minstr\minstr.csproj", "{816003B4-E28C-4512-B584-5C463916E726}"
EndProject
Global
	GlobalSection(SolutionConfigurationPlatforms) = preSolution
		Debug|Any CPU = Debug|Any CPU
		Release|Any CPU = Release|Any CPU
	EndGlobalSection
	GlobalSection(ProjectConfigurationPlatforms) = postSolution
		{816003B4-E28C-4512-B584-5C463916E726}.Debug|Any CPU.ActiveCfg = Debug|Any CPU
		{816003B4-E28C-4512-B584-5C463916E726}.Debug|Any CPU.Build.0 = Debug|Any CPU
		{816003B4-E28C-4512-B584-5C463916E726}.Release|Any CPU.ActiveCfg = Release|Any CPU
		{816003B4-E28C-4512-B584-5C463916E726}.Release|Any CPU.Build.0 = Release|Any CPU
	EndGlobalSection
	GlobalSection(SolutionProperties) = preSolution
		HideSolutionNode = FALSE
	EndGlobalSection
	GlobalSection(ExtensibilityGlobals) = postSolution
		SolutionGuid = {86269893-1660-42A4-8695-4657B3F1B67A}
	EndGlobalSection
EndGlobal
